Microsoft Visual Studio Solution File, Format Version 12.00
# Visual Studio Version 17
VisualStudioVersion = 17.13.35919.96
MinimumVisualStudioVersion = 10.0.40219.1
Project("{2150E333-8FDC-42A3-9474-1A3956D46DE8}") = "CommonLogging", "CommonLogging", "{02EA681E-C7D8-13C7-8484-4AC65E1B71E8}"
EndProject
Project("{FAE04EC0-301F-11D3-BF4B-00C04F79EFBC}") = "Common.Logging.Core", "src\Common.Logging.Core\Common.Logging.Core.csproj", "{CADFB630-279F-427C-96A9-D2F9AA718648}"
EndProject
Project("{FAE04EC0-301F-11D3-BF4B-00C04F79EFBC}") = "Common.Logging", "src\Common.Logging\Common.Logging.csproj", "{440D903A-D409-48FC-A6C4-3EE69CCD663B}"
EndProject
Project("{2150E333-8FDC-42A3-9474-1A3956D46DE8}") = "ApplicationInsights", "ApplicationInsights", "{86380412-B7E2-4940-A70A-2379D6C58CB1}"
EndProject
Project("{FAE04EC0-301F-11D3-BF4B-00C04F79EFBC}") = "Common.Logging.ApplicationInsights", "src\Common.Logging.ApplicationInsights\Common.Logging.ApplicationInsights.csproj", "{67499038-2FAF-4320-B75F-D78AC1A2C776}"
EndProject
Project("{FAE04EC0-301F-11D3-BF4B-00C04F79EFBC}") = "Common.Logging.ApplicationInsightsTests", "test\Common.Logging.ApplicationInsights.Tests\Common.Logging.ApplicationInsightsTests.csproj", "{9FB19C8B-D224-4A06-B108-177E328EBAAD}"
EndProject
Project("{FAE04EC0-301F-11D3-BF4B-00C04F79EFBC}") = "Common.Logging.Tests", "test\Common.Logging.Tests\Common.Logging.Tests.csproj", "{94E4E1B4-D424-4EB9-BF34-2EE8CC3D7048}"
EndProject
Project("{FAE04EC0-301F-11D3-BF4B-00C04F79EFBC}") = "Common.Logging.TestUtils", "test\Common.Logging.TestUtils\Common.Logging.TestUtils.csproj", "{F5193CD8-B431-48ED-B101-D8DBEF766140}"
EndProject
Global
	GlobalSection(SolutionConfigurationPlatforms) = preSolution
		Debug|Any CPU = Debug|Any CPU
		Release|Any CPU = Release|Any CPU
	EndGlobalSection
	GlobalSection(ProjectConfigurationPlatforms) = postSolution
		{CADFB630-279F-427C-96A9-D2F9AA718648}.Debug|Any CPU.ActiveCfg = Debug|Any CPU
		{CADFB630-279F-427C-96A9-D2F9AA718648}.Debug|Any CPU.Build.0 = Debug|Any CPU
		{CADFB630-279F-427C-96A9-D2F9AA718648}.Release|Any CPU.ActiveCfg = Release|Any CPU
		{CADFB630-279F-427C-96A9-D2F9AA718648}.Release|Any CPU.Build.0 = Release|Any CPU
		{440D903A-D409-48FC-A6C4-3EE69CCD663B}.Debug|Any CPU.ActiveCfg = Debug|Any CPU
		{440D903A-D409-48FC-A6C4-3EE69CCD663B}.Debug|Any CPU.Build.0 = Debug|Any CPU
		{440D903A-D409-48FC-A6C4-3EE69CCD663B}.Release|Any CPU.ActiveCfg = Release|Any CPU
		{440D903A-D409-48FC-A6C4-3EE69CCD663B}.Release|Any CPU.Build.0 = Release|Any CPU
		{67499038-2FAF-4320-B75F-D78AC1A2C776}.Debug|Any CPU.ActiveCfg = Debug|Any CPU
		{67499038-2FAF-4320-B75F-D78AC1A2C776}.Debug|Any CPU.Build.0 = Debug|Any CPU
		{67499038-2FAF-4320-B75F-D78AC1A2C776}.Release|Any CPU.ActiveCfg = Release|Any CPU
		{67499038-2FAF-4320-B75F-D78AC1A2C776}.Release|Any CPU.Build.0 = Release|Any CPU
		{9FB19C8B-D224-4A06-B108-177E328EBAAD}.Debug|Any CPU.ActiveCfg = Debug|Any CPU
		{9FB19C8B-D224-4A06-B108-177E328EBAAD}.Debug|Any CPU.Build.0 = Debug|Any CPU
		{9FB19C8B-D224-4A06-B108-177E328EBAAD}.Release|Any CPU.ActiveCfg = Release|Any CPU
		{9FB19C8B-D224-4A06-B108-177E328EBAAD}.Release|Any CPU.Build.0 = Release|Any CPU
		{94E4E1B4-D424-4EB9-BF34-2EE8CC3D7048}.Debug|Any CPU.ActiveCfg = Debug|Any CPU
		{94E4E1B4-D424-4EB9-BF34-2EE8CC3D7048}.Debug|Any CPU.Build.0 = Debug|Any CPU
		{94E4E1B4-D424-4EB9-BF34-2EE8CC3D7048}.Release|Any CPU.ActiveCfg = Release|Any CPU
		{94E4E1B4-D424-4EB9-BF34-2EE8CC3D7048}.Release|Any CPU.Build.0 = Release|Any CPU
		{F5193CD8-B431-48ED-B101-D8DBEF766140}.Debug|Any CPU.ActiveCfg = Debug|Any CPU
		{F5193CD8-B431-48ED-B101-D8DBEF766140}.Debug|Any CPU.Build.0 = Debug|Any CPU
		{F5193CD8-B431-48ED-B101-D8DBEF766140}.Release|Any CPU.ActiveCfg = Release|Any CPU
		{F5193CD8-B431-48ED-B101-D8DBEF766140}.Release|Any CPU.Build.0 = Release|Any CPU
	EndGlobalSection
	GlobalSection(SolutionProperties) = preSolution
		HideSolutionNode = FALSE
	EndGlobalSection
	GlobalSection(NestedProjects) = preSolution
		{CADFB630-279F-427C-96A9-D2F9AA718648} = {02EA681E-C7D8-13C7-8484-4AC65E1B71E8}
		{440D903A-D409-48FC-A6C4-3EE69CCD663B} = {02EA681E-C7D8-13C7-8484-4AC65E1B71E8}
		{67499038-2FAF-4320-B75F-D78AC1A2C776} = {86380412-B7E2-4940-A70A-2379D6C58CB1}
		{9FB19C8B-D224-4A06-B108-177E328EBAAD} = {86380412-B7E2-4940-A70A-2379D6C58CB1}
		{94E4E1B4-D424-4EB9-BF34-2EE8CC3D7048} = {02EA681E-C7D8-13C7-8484-4AC65E1B71E8}
		{F5193CD8-B431-48ED-B101-D8DBEF766140} = {02EA681E-C7D8-13C7-8484-4AC65E1B71E8}
	EndGlobalSection
	GlobalSection(ExtensibilityGlobals) = postSolution
		SolutionGuid = {49A3AC67-29AB-4305-8ADA-B78757DC6807}
	EndGlobalSection
EndGlobal
