Microsoft Visual Studio Solution File, Format Version 12.00
# Visual Studio Version 17
VisualStudioVersion = 17.13.35919.96
MinimumVisualStudioVersion = 10.0.40219.1
Project("{2150E333-8FDC-42A3-9474-1A3956D46DE8}") = "CommonLogging", "CommonLogging", "{02EA681E-C7D8-13C7-8484-4AC65E1B71E8}"
EndProject
Project("{FAE04EC0-301F-11D3-BF4B-00C04F79EFBC}") = "Common.Logging.Core", "src\Common.Logging.Core\Common.Logging.Core.csproj", "{CADFB630-279F-427C-96A9-D2F9AA718648}"
EndProject
Global
	GlobalSection(SolutionConfigurationPlatforms) = preSolution
		Debug|Any CPU = Debug|Any CPU
		Release|Any CPU = Release|Any CPU
	EndGlobalSection
	GlobalSection(ProjectConfigurationPlatforms) = postSolution
		{CADFB630-279F-427C-96A9-D2F9AA718648}.Debug|Any CPU.ActiveCfg = Debug|Any CPU
		{CADFB630-279F-427C-96A9-D2F9AA718648}.Debug|Any CPU.Build.0 = Debug|Any CPU
		{CADFB630-279F-427C-96A9-D2F9AA718648}.Release|Any CPU.ActiveCfg = Release|Any CPU
		{CADFB630-279F-427C-96A9-D2F9AA718648}.Release|Any CPU.Build.0 = Release|Any CPU
	EndGlobalSection
	GlobalSection(SolutionProperties) = preSolution
		HideSolutionNode = FALSE
	EndGlobalSection
	GlobalSection(NestedProjects) = preSolution
		{CADFB630-279F-427C-96A9-D2F9AA718648} = {02EA681E-C7D8-13C7-8484-4AC65E1B71E8}
	EndGlobalSection
	GlobalSection(ExtensibilityGlobals) = postSolution
		SolutionGuid = {49A3AC67-29AB-4305-8ADA-B78757DC6807}
	EndGlobalSection
EndGlobal
